
Microsoft Visual Studio Solution File, Format Version 12.00
# Visual Studio Version 16
VisualStudioVersion = 16.0.29519.181
MinimumVisualStudioVersion = 10.0.40219.1
Project("{2150E333-8FDC-42A3-9474-1A3956D46DE8}") = "Web", "Web", "{784A9549-6960-4878-BE38-507594997584}"
EndProject
Project("{9A19103F-16F7-4668-BE54-9A1E7A4F7556}") = "Learn.Web", "Web\Learn.Web\Learn.Web.csproj", "{25E3E145-1E01-4CC6-B584-E5D665CB9AE9}"
EndProject
Project("{2150E333-8FDC-42A3-9474-1A3956D46DE8}") = "Bll", "Bll", "{A92AF0C4-572E-4E0F-B3A0-ED1C196F12A3}"
EndProject
Project("{2150E333-8FDC-42A3-9474-1A3956D46DE8}") = "Dal", "Dal", "{D5214D0F-DE29-4003-9927-B5E2E6E5B03F}"
EndProject
Project("{2150E333-8FDC-42A3-9474-1A3956D46DE8}") = "Application", "Application", "{14A79E0B-9CC0-4430-A904-4299A88AB9AF}"
EndProject
Project("{9A19103F-16F7-4668-BE54-9A1E7A4F7556}") = "Learn.Bll", "Bll\Learn.Bll\Learn.Bll.csproj", "{72B0BD6A-9F60-4230-BDE8-C6AD2B161D17}"
EndProject
Project("{9A19103F-16F7-4668-BE54-9A1E7A4F7556}") = "Learn.Bll.EF", "Bll\Learn.Bll.EF\Learn.Bll.EF.csproj", "{B75A9055-AC7A-410B-B848-98225BC76294}"
EndProject
Project("{9A19103F-16F7-4668-BE54-9A1E7A4F7556}") = "sys.Bll.Repository", "Bll\sys.Bll.Repository\sys.Bll.Repository.csproj", "{4FBB8D3C-A0D2-4DAC-9BD9-E89097E5CB8A}"
EndProject
Project("{2150E333-8FDC-42A3-9474-1A3956D46DE8}") = "Common", "Common", "{D74E9C5F-F38A-4638-8011-9868FF5A382F}"
EndProject
Project("{2150E333-8FDC-42A3-9474-1A3956D46DE8}") = "Util", "Util", "{679B8199-B887-4419-9EBB-A3A9E8AEE2A9}"
EndProject
Project("{9A19103F-16F7-4668-BE54-9A1E7A4F7556}") = "Learn.Util", "Common\Learn.Util\Learn.Util\Learn.Util.csproj", "{8638BAEE-0F0F-4888-9755-0A5D8A4AC841}"
EndProject
Project("{9A19103F-16F7-4668-BE54-9A1E7A4F7556}") = "Learn.Util.Extension", "Common\Learn.Util\Learn.Util.Extension\Learn.Util.Extension.csproj", "{C4BB7A25-B31A-45A4-ADA6-058C63407620}"
EndProject
Project("{9A19103F-16F7-4668-BE54-9A1E7A4F7556}") = "Learn.Util.Model", "Common\Learn.Util\Learn.Util.Model\Learn.Util.Model.csproj", "{1B33498C-EF61-405E-8FBC-B0196FFACF70}"
EndProject
Project("{9A19103F-16F7-4668-BE54-9A1E7A4F7556}") = "Learn.Util.Log", "Common\Learn.Util\Learn.Util.Log\Learn.Util.Log.csproj", "{72830118-B941-4649-8927-93FA5C373A18}"
EndProject
Project("{2150E333-8FDC-42A3-9474-1A3956D46DE8}") = "Cache", "Cache", "{2E9F8C4F-33F5-4AA2-B7C5-FEACC2055BE9}"
EndProject
Project("{FAE04EC0-301F-11D3-BF4B-00C04F79EFBC}") = "Learn.Cache", "Common\Cache\Learn.Cache\Learn.Cache.csproj", "{F1485054-25DB-4ABC-AC9E-174B18765E17}"
EndProject
Project("{FAE04EC0-301F-11D3-BF4B-00C04F79EFBC}") = "Learn.Cache.Factory", "Common\Cache\Learn.Cache.Factory\Learn.Cache.Factory.csproj", "{102DDB8E-40CC-4F31-9D15-BA200C119E24}"
EndProject
Project("{FAE04EC0-301F-11D3-BF4B-00C04F79EFBC}") = "Learn.Cache.Redis", "Common\Cache\Learn.Cache.Redis\Learn.Cache.Redis.csproj", "{ED8BF256-2A41-4132-869A-83C5E4B5225D}"
EndProject
Global
	GlobalSection(SolutionConfigurationPlatforms) = preSolution
		Debug|Any CPU = Debug|Any CPU
		Release|Any CPU = Release|Any CPU
	EndGlobalSection
	GlobalSection(ProjectConfigurationPlatforms) = postSolution
		{25E3E145-1E01-4CC6-B584-E5D665CB9AE9}.Debug|Any CPU.ActiveCfg = Debug|Any CPU
		{25E3E145-1E01-4CC6-B584-E5D665CB9AE9}.Debug|Any CPU.Build.0 = Debug|Any CPU
		{25E3E145-1E01-4CC6-B584-E5D665CB9AE9}.Release|Any CPU.ActiveCfg = Release|Any CPU
		{25E3E145-1E01-4CC6-B584-E5D665CB9AE9}.Release|Any CPU.Build.0 = Release|Any CPU
		{72B0BD6A-9F60-4230-BDE8-C6AD2B161D17}.Debug|Any CPU.ActiveCfg = Debug|Any CPU
		{72B0BD6A-9F60-4230-BDE8-C6AD2B161D17}.Debug|Any CPU.Build.0 = Debug|Any CPU
		{72B0BD6A-9F60-4230-BDE8-C6AD2B161D17}.Release|Any CPU.ActiveCfg = Release|Any CPU
		{72B0BD6A-9F60-4230-BDE8-C6AD2B161D17}.Release|Any CPU.Build.0 = Release|Any CPU
		{B75A9055-AC7A-410B-B848-98225BC76294}.Debug|Any CPU.ActiveCfg = Debug|Any CPU
		{B75A9055-AC7A-410B-B848-98225BC76294}.Debug|Any CPU.Build.0 = Debug|Any CPU
		{B75A9055-AC7A-410B-B848-98225BC76294}.Release|Any CPU.ActiveCfg = Release|Any CPU
		{B75A9055-AC7A-410B-B848-98225BC76294}.Release|Any CPU.Build.0 = Release|Any CPU
		{4FBB8D3C-A0D2-4DAC-9BD9-E89097E5CB8A}.Debug|Any CPU.ActiveCfg = Debug|Any CPU
		{4FBB8D3C-A0D2-4DAC-9BD9-E89097E5CB8A}.Debug|Any CPU.Build.0 = Debug|Any CPU
		{4FBB8D3C-A0D2-4DAC-9BD9-E89097E5CB8A}.Release|Any CPU.ActiveCfg = Release|Any CPU
		{4FBB8D3C-A0D2-4DAC-9BD9-E89097E5CB8A}.Release|Any CPU.Build.0 = Release|Any CPU
		{8638BAEE-0F0F-4888-9755-0A5D8A4AC841}.Debug|Any CPU.ActiveCfg = Debug|Any CPU
		{8638BAEE-0F0F-4888-9755-0A5D8A4AC841}.Debug|Any CPU.Build.0 = Debug|Any CPU
		{8638BAEE-0F0F-4888-9755-0A5D8A4AC841}.Release|Any CPU.ActiveCfg = Release|Any CPU
		{8638BAEE-0F0F-4888-9755-0A5D8A4AC841}.Release|Any CPU.Build.0 = Release|Any CPU
		{C4BB7A25-B31A-45A4-ADA6-058C63407620}.Debug|Any CPU.ActiveCfg = Debug|Any CPU
		{C4BB7A25-B31A-45A4-ADA6-058C63407620}.Debug|Any CPU.Build.0 = Debug|Any CPU
		{C4BB7A25-B31A-45A4-ADA6-058C63407620}.Release|Any CPU.ActiveCfg = Release|Any CPU
		{C4BB7A25-B31A-45A4-ADA6-058C63407620}.Release|Any CPU.Build.0 = Release|Any CPU
		{1B33498C-EF61-405E-8FBC-B0196FFACF70}.Debug|Any CPU.ActiveCfg = Debug|Any CPU
		{1B33498C-EF61-405E-8FBC-B0196FFACF70}.Debug|Any CPU.Build.0 = Debug|Any CPU
		{1B33498C-EF61-405E-8FBC-B0196FFACF70}.Release|Any CPU.ActiveCfg = Release|Any CPU
		{1B33498C-EF61-405E-8FBC-B0196FFACF70}.Release|Any CPU.Build.0 = Release|Any CPU
		{72830118-B941-4649-8927-93FA5C373A18}.Debug|Any CPU.ActiveCfg = Debug|Any CPU
		{72830118-B941-4649-8927-93FA5C373A18}.Debug|Any CPU.Build.0 = Debug|Any CPU
		{72830118-B941-4649-8927-93FA5C373A18}.Release|Any CPU.ActiveCfg = Release|Any CPU
		{72830118-B941-4649-8927-93FA5C373A18}.Release|Any CPU.Build.0 = Release|Any CPU
		{F1485054-25DB-4ABC-AC9E-174B18765E17}.Debug|Any CPU.ActiveCfg = Debug|Any CPU
		{F1485054-25DB-4ABC-AC9E-174B18765E17}.Debug|Any CPU.Build.0 = Debug|Any CPU
		{F1485054-25DB-4ABC-AC9E-174B18765E17}.Release|Any CPU.ActiveCfg = Release|Any CPU
		{F1485054-25DB-4ABC-AC9E-174B18765E17}.Release|Any CPU.Build.0 = Release|Any CPU
		{102DDB8E-40CC-4F31-9D15-BA200C119E24}.Debug|Any CPU.ActiveCfg = Debug|Any CPU
		{102DDB8E-40CC-4F31-9D15-BA200C119E24}.Debug|Any CPU.Build.0 = Debug|Any CPU
		{102DDB8E-40CC-4F31-9D15-BA200C119E24}.Release|Any CPU.ActiveCfg = Release|Any CPU
		{102DDB8E-40CC-4F31-9D15-BA200C119E24}.Release|Any CPU.Build.0 = Release|Any CPU
		{ED8BF256-2A41-4132-869A-83C5E4B5225D}.Debug|Any CPU.ActiveCfg = Debug|Any CPU
		{ED8BF256-2A41-4132-869A-83C5E4B5225D}.Debug|Any CPU.Build.0 = Debug|Any CPU
		{ED8BF256-2A41-4132-869A-83C5E4B5225D}.Release|Any CPU.ActiveCfg = Release|Any CPU
		{ED8BF256-2A41-4132-869A-83C5E4B5225D}.Release|Any CPU.Build.0 = Release|Any CPU
	EndGlobalSection
	GlobalSection(SolutionProperties) = preSolution
		HideSolutionNode = FALSE
	EndGlobalSection
	GlobalSection(NestedProjects) = preSolution
		{25E3E145-1E01-4CC6-B584-E5D665CB9AE9} = {784A9549-6960-4878-BE38-507594997584}
		{72B0BD6A-9F60-4230-BDE8-C6AD2B161D17} = {A92AF0C4-572E-4E0F-B3A0-ED1C196F12A3}
		{B75A9055-AC7A-410B-B848-98225BC76294} = {A92AF0C4-572E-4E0F-B3A0-ED1C196F12A3}
		{4FBB8D3C-A0D2-4DAC-9BD9-E89097E5CB8A} = {A92AF0C4-572E-4E0F-B3A0-ED1C196F12A3}
		{679B8199-B887-4419-9EBB-A3A9E8AEE2A9} = {D74E9C5F-F38A-4638-8011-9868FF5A382F}
		{8638BAEE-0F0F-4888-9755-0A5D8A4AC841} = {679B8199-B887-4419-9EBB-A3A9E8AEE2A9}
		{C4BB7A25-B31A-45A4-ADA6-058C63407620} = {679B8199-B887-4419-9EBB-A3A9E8AEE2A9}
		{1B33498C-EF61-405E-8FBC-B0196FFACF70} = {679B8199-B887-4419-9EBB-A3A9E8AEE2A9}
		{72830118-B941-4649-8927-93FA5C373A18} = {679B8199-B887-4419-9EBB-A3A9E8AEE2A9}
		{2E9F8C4F-33F5-4AA2-B7C5-FEACC2055BE9} = {D74E9C5F-F38A-4638-8011-9868FF5A382F}
		{F1485054-25DB-4ABC-AC9E-174B18765E17} = {2E9F8C4F-33F5-4AA2-B7C5-FEACC2055BE9}
		{102DDB8E-40CC-4F31-9D15-BA200C119E24} = {2E9F8C4F-33F5-4AA2-B7C5-FEACC2055BE9}
		{ED8BF256-2A41-4132-869A-83C5E4B5225D} = {2E9F8C4F-33F5-4AA2-B7C5-FEACC2055BE9}
	EndGlobalSection
	GlobalSection(ExtensibilityGlobals) = postSolution
		SolutionGuid = {80DD607A-2DCA-42CF-BFA9-F62BB0E576E2}
	EndGlobalSection
EndGlobal
